// !$*UTF8*$!
{
	archiveVersion = 1;
	classes = {
	};
	objectVersion = 54;
	objects = {

/* Begin PBXBuildFile section */
		BF72E1292602816A00CB2DFD /* MetadataScannerExampleApp.swift in Sources */ = {isa = PBXBuildFile; fileRef = BF72E1282602816A00CB2DFD /* MetadataScannerExampleApp.swift */; };
		BF72E12B2602816A00CB2DFD /* ContentView.swift in Sources */ = {isa = PBXBuildFile; fileRef = BF72E12A2602816A00CB2DFD /* ContentView.swift */; };
		BF72E12D2602816C00CB2DFD /* Assets.xcassets in Resources */ = {isa = PBXBuildFile; fileRef = BF72E12C2602816C00CB2DFD /* Assets.xcassets */; };
		BF72E1302602816C00CB2DFD /* Preview Assets.xcassets in Resources */ = {isa = PBXBuildFile; fileRef = BF72E12F2602816C00CB2DFD /* Preview Assets.xcassets */; };
		BF72E13B2602816C00CB2DFD /* MetadataScannerExampleTests.swift in Sources */ = {isa = PBXBuildFile; fileRef = BF72E13A2602816C00CB2DFD /* MetadataScannerExampleTests.swift */; };
		BF72E1462602816C00CB2DFD /* MetadataScannerExampleUITests.swift in Sources */ = {isa = PBXBuildFile; fileRef = BF72E1452602816C00CB2DFD /* MetadataScannerExampleUITests.swift */; };
		BF72E161260283EE00CB2DFD /* AVFoundation.framework in Frameworks */ = {isa = PBXBuildFile; fileRef = BF72E160260283EE00CB2DFD /* AVFoundation.framework */; };
		BFD7F8312603D35C00CF6F24 /* MetadataScanner in Frameworks */ = {isa = PBXBuildFile; productRef = BFD7F8302603D35C00CF6F24 /* MetadataScanner */; };
/* End PBXBuildFile section */

/* Begin PBXContainerItemProxy section */
		BF72E1372602816C00CB2DFD /* PBXContainerItemProxy */ = {
			isa = PBXContainerItemProxy;
			containerPortal = BF72E11D2602816A00CB2DFD /* Project object */;
			proxyType = 1;
			remoteGlobalIDString = BF72E1242602816A00CB2DFD;
			remoteInfo = MetadataScannerExample;
		};
		BF72E1422602816C00CB2DFD /* PBXContainerItemProxy */ = {
			isa = PBXContainerItemProxy;
			containerPortal = BF72E11D2602816A00CB2DFD /* Project object */;
			proxyType = 1;
			remoteGlobalIDString = BF72E1242602816A00CB2DFD;
			remoteInfo = MetadataScannerExample;
		};
/* End PBXContainerItemProxy section */

/* Begin PBXFileReference section */
		BF638F712604792500ADC1ED /* MetadataScanner */ = {isa = PBXFileReference; lastKnownFileType = folder; name = MetadataScanner; path = ..; sourceTree = "<group>"; };
		BF72E1252602816A00CB2DFD /* MetadataScannerExample.app */ = {isa = PBXFileReference; explicitFileType = wrapper.application; includeInIndex = 0; path = MetadataScannerExample.app; sourceTree = BUILT_PRODUCTS_DIR; };
		BF72E1282602816A00CB2DFD /* MetadataScannerExampleApp.swift */ = {isa = PBXFileReference; lastKnownFileType = sourcecode.swift; path = MetadataScannerExampleApp.swift; sourceTree = "<group>"; };
		BF72E12A2602816A00CB2DFD /* ContentView.swift */ = {isa = PBXFileReference; lastKnownFileType = sourcecode.swift; path = ContentView.swift; sourceTree = "<group>"; };
		BF72E12C2602816C00CB2DFD /* Assets.xcassets */ = {isa = PBXFileReference; lastKnownFileType = folder.assetcatalog; path = Assets.xcassets; sourceTree = "<group>"; };
		BF72E12F2602816C00CB2DFD /* Preview Assets.xcassets */ = {isa = PBXFileReference; lastKnownFileType = folder.assetcatalog; path = "Preview Assets.xcassets"; sourceTree = "<group>"; };
		BF72E1312602816C00CB2DFD /* Info.plist */ = {isa = PBXFileReference; lastKnownFileType = text.plist.xml; path = Info.plist; sourceTree = "<group>"; };
		BF72E1362602816C00CB2DFD /* MetadataScannerExampleTests.xctest */ = {isa = PBXFileReference; explicitFileType = wrapper.cfbundle; includeInIndex = 0; path = MetadataScannerExampleTests.xctest; sourceTree = BUILT_PRODUCTS_DIR; };
		BF72E13A2602816C00CB2DFD /* MetadataScannerExampleTests.swift */ = {isa = PBXFileReference; lastKnownFileType = sourcecode.swift; path = MetadataScannerExampleTests.swift; sourceTree = "<group>"; };
		BF72E13C2602816C00CB2DFD /* Info.plist */ = {isa = PBXFileReference; lastKnownFileType = text.plist.xml; path = Info.plist; sourceTree = "<group>"; };
		BF72E1412602816C00CB2DFD /* MetadataScannerExampleUITests.xctest */ = {isa = PBXFileReference; explicitFileType = wrapper.cfbundle; includeInIndex = 0; path = MetadataScannerExampleUITests.xctest; sourceTree = BUILT_PRODUCTS_DIR; };
		BF72E1452602816C00CB2DFD /* MetadataScannerExampleUITests.swift */ = {isa = PBXFileReference; lastKnownFileType = sourcecode.swift; path = MetadataScannerExampleUITests.swift; sourceTree = "<group>"; };
		BF72E1472602816C00CB2DFD /* Info.plist */ = {isa = PBXFileReference; lastKnownFileType = text.plist.xml; path = Info.plist; sourceTree = "<group>"; };
		BF72E160260283EE00CB2DFD /* AVFoundation.framework */ = {isa = PBXFileReference; lastKnownFileType = wrapper.framework; name = AVFoundation.framework; path = System/Library/Frameworks/AVFoundation.framework; sourceTree = SDKROOT; };
/* End PBXFileReference section */

/* Begin PBXFrameworksBuildPhase section */
		BF72E1222602816A00CB2DFD /* Frameworks */ = {
			isa = PBXFrameworksBuildPhase;
			buildActionMask = 2147483647;
			files = (
				BFD7F8312603D35C00CF6F24 /* MetadataScanner in Frameworks */,
				BF72E161260283EE00CB2DFD /* AVFoundation.framework in Frameworks */,
			);
			runOnlyForDeploymentPostprocessing = 0;
		};
		BF72E1332602816C00CB2DFD /* Frameworks */ = {
			isa = PBXFrameworksBuildPhase;
			buildActionMask = 2147483647;
			files = (
			);
			runOnlyForDeploymentPostprocessing = 0;
		};
		BF72E13E2602816C00CB2DFD /* Frameworks */ = {
			isa = PBXFrameworksBuildPhase;
			buildActionMask = 2147483647;
			files = (
			);
			runOnlyForDeploymentPostprocessing = 0;
		};
/* End PBXFrameworksBuildPhase section */

/* Begin PBXGroup section */
		BF72E11C2602816A00CB2DFD = {
			isa = PBXGroup;
			children = (
				BF638F712604792500ADC1ED /* MetadataScanner */,
				BF72E1272602816A00CB2DFD /* MetadataScannerExample */,
				BF72E1392602816C00CB2DFD /* MetadataScannerExampleTests */,
				BF72E1442602816C00CB2DFD /* MetadataScannerExampleUITests */,
				BF72E1262602816A00CB2DFD /* Products */,
				BF72E15F260283EE00CB2DFD /* Frameworks */,
			);
			sourceTree = "<group>";
		};
		BF72E1262602816A00CB2DFD /* Products */ = {
			isa = PBXGroup;
			children = (
				BF72E1252602816A00CB2DFD /* MetadataScannerExample.app */,
				BF72E1362602816C00CB2DFD /* MetadataScannerExampleTests.xctest */,
				BF72E1412602816C00CB2DFD /* MetadataScannerExampleUITests.xctest */,
			);
			name = Products;
			sourceTree = "<group>";
		};
		BF72E1272602816A00CB2DFD /* MetadataScannerExample */ = {
			isa = PBXGroup;
			children = (
				BF72E1282602816A00CB2DFD /* MetadataScannerExampleApp.swift */,
				BF72E12A2602816A00CB2DFD /* ContentView.swift */,
				BF72E12C2602816C00CB2DFD /* Assets.xcassets */,
				BF72E1312602816C00CB2DFD /* Info.plist */,
				BF72E12E2602816C00CB2DFD /* Preview Content */,
			);
			path = MetadataScannerExample;
			sourceTree = "<group>";
		};
		BF72E12E2602816C00CB2DFD /* Preview Content */ = {
			isa = PBXGroup;
			children = (
				BF72E12F2602816C00CB2DFD /* Preview Assets.xcassets */,
			);
			path = "Preview Content";
			sourceTree = "<group>";
		};
		BF72E1392602816C00CB2DFD /* MetadataScannerExampleTests */ = {
			isa = PBXGroup;
			children = (
				BF72E13A2602816C00CB2DFD /* MetadataScannerExampleTests.swift */,
				BF72E13C2602816C00CB2DFD /* Info.plist */,
			);
			path = MetadataScannerExampleTests;
			sourceTree = "<group>";
		};
		BF72E1442602816C00CB2DFD /* MetadataScannerExampleUITests */ = {
			isa = PBXGroup;
			children = (
				BF72E1452602816C00CB2DFD /* MetadataScannerExampleUITests.swift */,
				BF72E1472602816C00CB2DFD /* Info.plist */,
			);
			path = MetadataScannerExampleUITests;
			sourceTree = "<group>";
		};
		BF72E15F260283EE00CB2DFD /* Frameworks */ = {
			isa = PBXGroup;
			children = (
				BF72E160260283EE00CB2DFD /* AVFoundation.framework */,
			);
			name = Frameworks;
			sourceTree = "<group>";
		};
/* End PBXGroup section */

/* Begin PBXNativeTarget section */
		BF72E1242602816A00CB2DFD /* MetadataScannerExample */ = {
			isa = PBXNativeTarget;
			buildConfigurationList = BF72E14A2602816C00CB2DFD /* Build configuration list for PBXNativeTarget "MetadataScannerExample" */;
			buildPhases = (
				BF72E1212602816A00CB2DFD /* Sources */,
				BF72E1222602816A00CB2DFD /* Frameworks */,
				BF72E1232602816A00CB2DFD /* Resources */,
			);
			buildRules = (
			);
			dependencies = (
			);
			name = MetadataScannerExample;
			packageProductDependencies = (
				BFD7F8302603D35C00CF6F24 /* MetadataScanner */,
			);
			productName = MetadataScannerExample;
			productReference = BF72E1252602816A00CB2DFD /* MetadataScannerExample.app */;
			productType = "com.apple.product-type.application";
		};
		BF72E1352602816C00CB2DFD /* MetadataScannerExampleTests */ = {
			isa = PBXNativeTarget;
			buildConfigurationList = BF72E14D2602816C00CB2DFD /* Build configuration list for PBXNativeTarget "MetadataScannerExampleTests" */;
			buildPhases = (
				BF72E1322602816C00CB2DFD /* Sources */,
				BF72E1332602816C00CB2DFD /* Frameworks */,
				BF72E1342602816C00CB2DFD /* Resources */,
			);
			buildRules = (
			);
			dependencies = (
				BF72E1382602816C00CB2DFD /* PBXTargetDependency */,
			);
			name = MetadataScannerExampleTests;
			productName = MetadataScannerExampleTests;
			productReference = BF72E1362602816C00CB2DFD /* MetadataScannerExampleTests.xctest */;
			productType = "com.apple.product-type.bundle.unit-test";
		};
		BF72E1402602816C00CB2DFD /* MetadataScannerExampleUITests */ = {
			isa = PBXNativeTarget;
			buildConfigurationList = BF72E1502602816C00CB2DFD /* Build configuration list for PBXNativeTarget "MetadataScannerExampleUITests" */;
			buildPhases = (
				BF72E13D2602816C00CB2DFD /* Sources */,
				BF72E13E2602816C00CB2DFD /* Frameworks */,
				BF72E13F2602816C00CB2DFD /* Resources */,
			);
			buildRules = (
			);
			dependencies = (
				BF72E1432602816C00CB2DFD /* PBXTargetDependency */,
			);
			name = MetadataScannerExampleUITests;
			productName = MetadataScannerExampleUITests;
			productReference = BF72E1412602816C00CB2DFD /* MetadataScannerExampleUITests.xctest */;
			productType = "com.apple.product-type.bundle.ui-testing";
		};
/* End PBXNativeTarget section */

/* Begin PBXProject section */
		BF72E11D2602816A00CB2DFD /* Project object */ = {
			isa = PBXProject;
			attributes = {
				LastSwiftUpdateCheck = 1240;
				LastUpgradeCheck = 1240;
				TargetAttributes = {
					BF72E1242602816A00CB2DFD = {
						CreatedOnToolsVersion = 12.4;
					};
					BF72E1352602816C00CB2DFD = {
						CreatedOnToolsVersion = 12.4;
						TestTargetID = BF72E1242602816A00CB2DFD;
					};
					BF72E1402602816C00CB2DFD = {
						CreatedOnToolsVersion = 12.4;
						TestTargetID = BF72E1242602816A00CB2DFD;
					};
				};
			};
			buildConfigurationList = BF72E1202602816A00CB2DFD /* Build configuration list for PBXProject "MetadataScannerExample" */;
			compatibilityVersion = "Xcode 12.0";
			developmentRegion = en;
			hasScannedForEncodings = 0;
			knownRegions = (
				en,
				Base,
			);
			mainGroup = BF72E11C2602816A00CB2DFD;
			packageReferences = (
			);
			productRefGroup = BF72E1262602816A00CB2DFD /* Products */;
			projectDirPath = "";
			projectRoot = "";
			targets = (
				BF72E1242602816A00CB2DFD /* MetadataScannerExample */,
				BF72E1352602816C00CB2DFD /* MetadataScannerExampleTests */,
				BF72E1402602816C00CB2DFD /* MetadataScannerExampleUITests */,
			);
		};
/* End PBXProject section */

/* Begin PBXResourcesBuildPhase section */
		BF72E1232602816A00CB2DFD /* Resources */ = {
			isa = PBXResourcesBuildPhase;
			buildActionMask = 2147483647;
			files = (
				BF72E1302602816C00CB2DFD /* Preview Assets.xcassets in Resources */,
				BF72E12D2602816C00CB2DFD /* Assets.xcassets in Resources */,
			);
			runOnlyForDeploymentPostprocessing = 0;
		};
		BF72E1342602816C00CB2DFD /* Resources */ = {
			isa = PBXResourcesBuildPhase;
			buildActionMask = 2147483647;
			files = (
			);
			runOnlyForDeploymentPostprocessing = 0;
		};
		BF72E13F2602816C00CB2DFD /* Resources */ = {
			isa = PBXResourcesBuildPhase;
			buildActionMask = 2147483647;
			files = (
			);
			runOnlyForDeploymentPostprocessing = 0;
		};
/* End PBXResourcesBuildPhase section */

/* Begin PBXSourcesBuildPhase section */
		BF72E1212602816A00CB2DFD /* Sources */ = {
			isa = PBXSourcesBuildPhase;
			buildActionMask = 2147483647;
			files = (
				BF72E12B2602816A00CB2DFD /* ContentView.swift in Sources */,
				BF72E1292602816A00CB2DFD /* MetadataScannerExampleApp.swift in Sources */,
			);
			runOnlyForDeploymentPostprocessing = 0;
		};
		BF72E1322602816C00CB2DFD /* Sources */ = {
			isa = PBXSourcesBuildPhase;
			buildActionMask = 2147483647;
			files = (
				BF72E13B2602816C00CB2DFD /* MetadataScannerExampleTests.swift in Sources */,
			);
			runOnlyForDeploymentPostprocessing = 0;
		};
		BF72E13D2602816C00CB2DFD /* Sources */ = {
			isa = PBXSourcesBuildPhase;
			buildActionMask = 2147483647;
			files = (
				BF72E1462602816C00CB2DFD /* MetadataScannerExampleUITests.swift in Sources */,
			);
			runOnlyForDeploymentPostprocessing = 0;
		};
/* End PBXSourcesBuildPhase section */

/* Begin PBXTargetDependency section */
		BF72E1382602816C00CB2DFD /* PBXTargetDependency */ = {
			isa = PBXTargetDependency;
			target = BF72E1242602816A00CB2DFD /* MetadataScannerExample */;
			targetProxy = BF72E1372602816C00CB2DFD /* PBXContainerItemProxy */;
		};
		BF72E1432602816C00CB2DFD /* PBXTargetDependency */ = {
			isa = PBXTargetDependency;
			target = BF72E1242602816A00CB2DFD /* MetadataScannerExample */;
			targetProxy = BF72E1422602816C00CB2DFD /* PBXContainerItemProxy */;
		};
/* End PBXTargetDependency section */

/* Begin XCBuildConfiguration section */
		BF72E1482602816C00CB2DFD /* Debug */ = {
			isa = XCBuildConfiguration;
			buildSettings = {
				ALWAYS_SEARCH_USER_PATHS = NO;
				CLANG_ANALYZER_NONNULL = YES;
				CLANG_ANALYZER_NUMBER_OBJECT_CONVERSION = YES_AGGRESSIVE;
				CLANG_CXX_LANGUAGE_STANDARD = "gnu++14";
				CLANG_CXX_LIBRARY = "libc++";
				CLANG_ENABLE_MODULES = YES;
				CLANG_ENABLE_OBJC_ARC = YES;
				CLANG_ENABLE_OBJC_WEAK = YES;
				CLANG_WARN_BLOCK_CAPTURE_AUTORELEASING = YES;
				CLANG_WARN_BOOL_CONVERSION = YES;
				CLANG_WARN_COMMA = YES;
				CLANG_WARN_CONSTANT_CONVERSION = YES;
				CLANG_WARN_DEPRECATED_OBJC_IMPLEMENTATIONS = YES;
				CLANG_WARN_DIRECT_OBJC_ISA_USAGE = YES_ERROR;
				CLANG_WARN_DOCUMENTATION_COMMENTS = YES;
				CLANG_WARN_EMPTY_BODY = YES;
				CLANG_WARN_ENUM_CONVERSION = YES;
				CLANG_WARN_INFINITE_RECURSION = YES;
				CLANG_WARN_INT_CONVERSION = YES;
				CLANG_WARN_NON_LITERAL_NULL_CONVERSION = YES;
				CLANG_WARN_OBJC_IMPLICIT_RETAIN_SELF = YES;
				CLANG_WARN_OBJC_LITERAL_CONVERSION = YES;
				CLANG_WARN_OBJC_ROOT_CLASS = YES_ERROR;
				CLANG_WARN_QUOTED_INCLUDE_IN_FRAMEWORK_HEADER = YES;
				CLANG_WARN_RANGE_LOOP_ANALYSIS = YES;
				CLANG_WARN_STRICT_PROTOTYPES = YES;
				CLANG_WARN_SUSPICIOUS_MOVE = YES;
				CLANG_WARN_UNGUARDED_AVAILABILITY = YES_AGGRESSIVE;
				CLANG_WARN_UNREACHABLE_CODE = YES;
				CLANG_WARN__DUPLICATE_METHOD_MATCH = YES;
				COPY_PHASE_STRIP = NO;
				DEBUG_INFORMATION_FORMAT = dwarf;
				ENABLE_STRICT_OBJC_MSGSEND = YES;
				ENABLE_TESTABILITY = YES;
				GCC_C_LANGUAGE_STANDARD = gnu11;
				GCC_DYNAMIC_NO_PIC = NO;
				GCC_NO_COMMON_BLOCKS = YES;
				GCC_OPTIMIZATION_LEVEL = 0;
				GCC_PREPROCESSOR_DEFINITIONS = (
					"DEBUG=1",
					"$(inherited)",
				);
				GCC_WARN_64_TO_32_BIT_CONVERSION = YES;
				GCC_WARN_ABOUT_RETURN_TYPE = YES_ERROR;
				GCC_WARN_UNDECLARED_SELECTOR = YES;
				GCC_WARN_UNINITIALIZED_AUTOS = YES_AGGRESSIVE;
				GCC_WARN_UNUSED_FUNCTION = YES;
				GCC_WARN_UNUSED_VARIABLE = YES;
				IPHONEOS_DEPLOYMENT_TARGET = 14.4;
				MTL_ENABLE_DEBUG_INFO = INCLUDE_SOURCE;
				MTL_FAST_MATH = YES;
				ONLY_ACTIVE_ARCH = YES;
				SDKROOT = iphoneos;
				SWIFT_ACTIVE_COMPILATION_CONDITIONS = DEBUG;
				SWIFT_OPTIMIZATION_LEVEL = "-Onone";
			};
			name = Debug;
		};
		BF72E1492602816C00CB2DFD /* Release */ = {
			isa = XCBuildConfiguration;
			buildSettings = {
				ALWAYS_SEARCH_USER_PATHS = NO;
				CLANG_ANALYZER_NONNULL = YES;
				CLANG_ANALYZER_NUMBER_OBJECT_CONVERSION = YES_AGGRESSIVE;
				CLANG_CXX_LANGUAGE_STANDARD = "gnu++14";
				CLANG_CXX_LIBRARY = "libc++";
				CLANG_ENABLE_MODULES = YES;
				CLANG_ENABLE_OBJC_ARC = YES;
				CLANG_ENABLE_OBJC_WEAK = YES;
				CLANG_WARN_BLOCK_CAPTURE_AUTORELEASING = YES;
				CLANG_WARN_BOOL_CONVERSION = YES;
				CLANG_WARN_COMMA = YES;
				CLANG_WARN_CONSTANT_CONVERSION = YES;
				CLANG_WARN_DEPRECATED_OBJC_IMPLEMENTATIONS = YES;
				CLANG_WARN_DIRECT_OBJC_ISA_USAGE = YES_ERROR;
				CLANG_WARN_DOCUMENTATION_COMMENTS = YES;
				CLANG_WARN_EMPTY_BODY = YES;
				CLANG_WARN_ENUM_CONVERSION = YES;
				CLANG_WARN_INFINITE_RECURSION = YES;
				CLANG_WARN_INT_CONVERSION = YES;
				CLANG_WARN_NON_LITERAL_NULL_CONVERSION = YES;
				CLANG_WARN_OBJC_IMPLICIT_RETAIN_SELF = YES;
				CLANG_WARN_OBJC_LITERAL_CONVERSION = YES;
				CLANG_WARN_OBJC_ROOT_CLASS = YES_ERROR;
				CLANG_WARN_QUOTED_INCLUDE_IN_FRAMEWORK_HEADER = YES;
				CLANG_WARN_RANGE_LOOP_ANALYSIS = YES;
				CLANG_WARN_STRICT_PROTOTYPES = YES;
				CLANG_WARN_SUSPICIOUS_MOVE = YES;
				CLANG_WARN_UNGUARDED_AVAILABILITY = YES_AGGRESSIVE;
				CLANG_WARN_UNREACHABLE_CODE = YES;
				CLANG_WARN__DUPLICATE_METHOD_MATCH = YES;
				COPY_PHASE_STRIP = NO;
				DEBUG_INFORMATION_FORMAT = "dwarf-with-dsym";
				ENABLE_NS_ASSERTIONS = NO;
				ENABLE_STRICT_OBJC_MSGSEND = YES;
				GCC_C_LANGUAGE_STANDARD = gnu11;
				GCC_NO_COMMON_BLOCKS = YES;
				GCC_WARN_64_TO_32_BIT_CONVERSION = YES;
				GCC_WARN_ABOUT_RETURN_TYPE = YES_ERROR;
				GCC_WARN_UNDECLARED_SELECTOR = YES;
				GCC_WARN_UNINITIALIZED_AUTOS = YES_AGGRESSIVE;
				GCC_WARN_UNUSED_FUNCTION = YES;
				GCC_WARN_UNUSED_VARIABLE = YES;
				IPHONEOS_DEPLOYMENT_TARGET = 14.4;
				MTL_ENABLE_DEBUG_INFO = NO;
				MTL_FAST_MATH = YES;
				SDKROOT = iphoneos;
				SWIFT_COMPILATION_MODE = wholemodule;
				SWIFT_OPTIMIZATION_LEVEL = "-O";
				VALIDATE_PRODUCT = YES;
			};
			name = Release;
		};
		BF72E14B2602816C00CB2DFD /* Debug */ = {
			isa = XCBuildConfiguration;
			buildSettings = {
				ASSETCATALOG_COMPILER_APPICON_NAME = AppIcon;
				ASSETCATALOG_COMPILER_GLOBAL_ACCENT_COLOR_NAME = AccentColor;
				CODE_SIGN_STYLE = Automatic;
				DEVELOPMENT_ASSET_PATHS = "\"MetadataScannerExample/Preview Content\"";
				DEVELOPMENT_TEAM = KC8N9BMQJY;
				ENABLE_PREVIEWS = YES;
				INFOPLIST_FILE = MetadataScannerExample/Info.plist;
				IPHONEOS_DEPLOYMENT_TARGET = 14.0;
				LD_RUNPATH_SEARCH_PATHS = (
					"$(inherited)",
					"@executable_path/Frameworks",
				);
				PRODUCT_BUNDLE_IDENTIFIER = net.crazism.MetadataScannerExample;
				PRODUCT_NAME = "$(TARGET_NAME)";
				SWIFT_VERSION = 5.0;
				TARGETED_DEVICE_FAMILY = "1,2";
			};
			name = Debug;
		};
		BF72E14C2602816C00CB2DFD /* Release */ = {
			isa = XCBuildConfiguration;
			buildSettings = {
				ASSETCATALOG_COMPILER_APPICON_NAME = AppIcon;
				ASSETCATALOG_COMPILER_GLOBAL_ACCENT_COLOR_NAME = AccentColor;
				CODE_SIGN_STYLE = Automatic;
				DEVELOPMENT_ASSET_PATHS = "\"MetadataScannerExample/Preview Content\"";
				DEVELOPMENT_TEAM = KC8N9BMQJY;
				ENABLE_PREVIEWS = YES;
				INFOPLIST_FILE = MetadataScannerExample/Info.plist;
				IPHONEOS_DEPLOYMENT_TARGET = 14.0;
				LD_RUNPATH_SEARCH_PATHS = (
					"$(inherited)",
					"@executable_path/Frameworks",
				);
				PRODUCT_BUNDLE_IDENTIFIER = net.crazism.MetadataScannerExample;
				PRODUCT_NAME = "$(TARGET_NAME)";
				SWIFT_VERSION = 5.0;
				TARGETED_DEVICE_FAMILY = "1,2";
			};
			name = Release;
		};
		BF72E14E2602816C00CB2DFD /* Debug */ = {
			isa = XCBuildConfiguration;
			buildSettings = {
				ALWAYS_EMBED_SWIFT_STANDARD_LIBRARIES = YES;
				BUNDLE_LOADER = "$(TEST_HOST)";
				CODE_SIGN_STYLE = Automatic;
				DEVELOPMENT_TEAM = KC8N9BMQJY;
				INFOPLIST_FILE = MetadataScannerExampleTests/Info.plist;
				IPHONEOS_DEPLOYMENT_TARGET = 14.0;
				LD_RUNPATH_SEARCH_PATHS = (
					"$(inherited)",
					"@executable_path/Frameworks",
					"@loader_path/Frameworks",
				);
				PRODUCT_BUNDLE_IDENTIFIER = net.crazism.MetadataScannerExampleTests;
				PRODUCT_NAME = "$(TARGET_NAME)";
				SWIFT_VERSION = 5.0;
				TARGETED_DEVICE_FAMILY = "1,2";
				TEST_HOST = "$(BUILT_PRODUCTS_DIR)/MetadataScannerExample.app/MetadataScannerExample";
			};
			name = Debug;
		};
		BF72E14F2602816C00CB2DFD /* Release */ = {
			isa = XCBuildConfiguration;
			buildSettings = {
				ALWAYS_EMBED_SWIFT_STANDARD_LIBRARIES = YES;
				BUNDLE_LOADER = "$(TEST_HOST)";
				CODE_SIGN_STYLE = Automatic;
				DEVELOPMENT_TEAM = KC8N9BMQJY;
				INFOPLIST_FILE = MetadataScannerExampleTests/Info.plist;
				IPHONEOS_DEPLOYMENT_TARGET = 14.0;
				LD_RUNPATH_SEARCH_PATHS = (
					"$(inherited)",
					"@executable_path/Frameworks",
					"@loader_path/Frameworks",
				);
				PRODUCT_BUNDLE_IDENTIFIER = net.crazism.MetadataScannerExampleTests;
				PRODUCT_NAME = "$(TARGET_NAME)";
				SWIFT_VERSION = 5.0;
				TARGETED_DEVICE_FAMILY = "1,2";
				TEST_HOST = "$(BUILT_PRODUCTS_DIR)/MetadataScannerExample.app/MetadataScannerExample";
			};
			name = Release;
		};
		BF72E1512602816C00CB2DFD /* Debug */ = {
			isa = XCBuildConfiguration;
			buildSettings = {
				ALWAYS_EMBED_SWIFT_STANDARD_LIBRARIES = YES;
				CODE_SIGN_STYLE = Automatic;
				DEVELOPMENT_TEAM = KC8N9BMQJY;
				INFOPLIST_FILE = MetadataScannerExampleUITests/Info.plist;
				LD_RUNPATH_SEARCH_PATHS = (
					"$(inherited)",
					"@executable_path/Frameworks",
					"@loader_path/Frameworks",
				);
				PRODUCT_BUNDLE_IDENTIFIER = net.crazism.MetadataScannerExampleUITests;
				PRODUCT_NAME = "$(TARGET_NAME)";
				SWIFT_VERSION = 5.0;
				TARGETED_DEVICE_FAMILY = "1,2";
				TEST_TARGET_NAME = MetadataScannerExample;
			};
			name = Debug;
		};
		BF72E1522602816C00CB2DFD /* Release */ = {
			isa = XCBuildConfiguration;
			buildSettings = {
				ALWAYS_EMBED_SWIFT_STANDARD_LIBRARIES = YES;
				CODE_SIGN_STYLE = Automatic;
				DEVELOPMENT_TEAM = KC8N9BMQJY;
				INFOPLIST_FILE = MetadataScannerExampleUITests/Info.plist;
				LD_RUNPATH_SEARCH_PATHS = (
					"$(inherited)",
					"@executable_path/Frameworks",
					"@loader_path/Frameworks",
				);
				PRODUCT_BUNDLE_IDENTIFIER = net.crazism.MetadataScannerExampleUITests;
				PRODUCT_NAME = "$(TARGET_NAME)";
				SWIFT_VERSION = 5.0;
				TARGETED_DEVICE_FAMILY = "1,2";
				TEST_TARGET_NAME = MetadataScannerExample;
			};
			name = Release;
		};
/* End XCBuildConfiguration section */

/* Begin XCConfigurationList section */
		BF72E1202602816A00CB2DFD /* Build configuration list for PBXProject "MetadataScannerExample" */ = {
			isa = XCConfigurationList;
			buildConfigurations = (
				BF72E1482602816C00CB2DFD /* Debug */,
				BF72E1492602816C00CB2DFD /* Release */,
			);
			defaultConfigurationIsVisible = 0;
			defaultConfigurationName = Release;
		};
		BF72E14A2602816C00CB2DFD /* Build configuration list for PBXNativeTarget "MetadataScannerExample" */ = {
			isa = XCConfigurationList;
			buildConfigurations = (
				BF72E14B2602816C00CB2DFD /* Debug */,
				BF72E14C2602816C00CB2DFD /* Release */,
			);
			defaultConfigurationIsVisible = 0;
			defaultConfigurationName = Release;
		};
		BF72E14D2602816C00CB2DFD /* Build configuration list for PBXNativeTarget "MetadataScannerExampleTests" */ = {
			isa = XCConfigurationList;
			buildConfigurations = (
				BF72E14E2602816C00CB2DFD /* Debug */,
				BF72E14F2602816C00CB2DFD /* Release */,
			);
			defaultConfigurationIsVisible = 0;
			defaultConfigurationName = Release;
		};
		BF72E1502602816C00CB2DFD /* Build configuration list for PBXNativeTarget "MetadataScannerExampleUITests" */ = {
			isa = XCConfigurationList;
			buildConfigurations = (
				BF72E1512602816C00CB2DFD /* Debug */,
				BF72E1522602816C00CB2DFD /* Release */,
			);
			defaultConfigurationIsVisible = 0;
			defaultConfigurationName = Release;
		};
/* End XCConfigurationList section */

/* Begin XCSwiftPackageProductDependency section */
		BFD7F8302603D35C00CF6F24 /* MetadataScanner */ = {
			isa = XCSwiftPackageProductDependency;
			productName = MetadataScanner;
		};
/* End XCSwiftPackageProductDependency section */
	};
	rootObject = BF72E11D2602816A00CB2DFD /* Project object */;
}
